// !$*UTF8*$!
{
	archiveVersion = 1;
	classes = {
	};
	objectVersion = 46;
	objects = {

/* Begin PBXBuildFile section */
		8B4D91571E83CB63007A8A65 /* AuthViewController.swift in Sources */ = {isa = PBXBuildFile; fileRef = 8B4D91551E83CB63007A8A65 /* AuthViewController.swift */; };
		8B4D91581E83CB63007A8A65 /* AuthViewController.xib in Resources */ = {isa = PBXBuildFile; fileRef = 8B4D91561E83CB63007A8A65 /* AuthViewController.xib */; };
		F9934E2B1E7ACCD700D19409 /* AppDelegate.swift in Sources */ = {isa = PBXBuildFile; fileRef = F9934E2A1E7ACCD700D19409 /* AppDelegate.swift */; };
		F9934E301E7ACCD700D19409 /* Main.storyboard in Resources */ = {isa = PBXBuildFile; fileRef = F9934E2E1E7ACCD700D19409 /* Main.storyboard */; };
		F9934E321E7ACCD700D19409 /* Assets.xcassets in Resources */ = {isa = PBXBuildFile; fileRef = F9934E311E7ACCD700D19409 /* Assets.xcassets */; };
		F9934E351E7ACCD700D19409 /* LaunchScreen.storyboard in Resources */ = {isa = PBXBuildFile; fileRef = F9934E331E7ACCD700D19409 /* LaunchScreen.storyboard */; };
		F9934E3F1E7AE38400D19409 /* cloudy1.png in Resources */ = {isa = PBXBuildFile; fileRef = F9934E3E1E7AE38400D19409 /* cloudy1.png */; };
		F9934E411E7AE55100D19409 /* MainViewController.swift in Sources */ = {isa = PBXBuildFile; fileRef = F9934E401E7AE55100D19409 /* MainViewController.swift */; };
		F9934E431E7AF62E00D19409 /* ReportFormViewController.swift in Sources */ = {isa = PBXBuildFile; fileRef = F9934E421E7AF62E00D19409 /* ReportFormViewController.swift */; };
/* End PBXBuildFile section */

/* Begin PBXFileReference section */
		8B4D91551E83CB63007A8A65 /* AuthViewController.swift */ = {isa = PBXFileReference; fileEncoding = 4; lastKnownFileType = sourcecode.swift; path = AuthViewController.swift; sourceTree = "<group>"; };
		8B4D91561E83CB63007A8A65 /* AuthViewController.xib */ = {isa = PBXFileReference; fileEncoding = 4; lastKnownFileType = file.xib; path = AuthViewController.xib; sourceTree = "<group>"; };
		F9934E271E7ACCD700D19409 /* Tempest.app */ = {isa = PBXFileReference; explicitFileType = wrapper.application; includeInIndex = 0; path = Tempest.app; sourceTree = BUILT_PRODUCTS_DIR; };
		F9934E2A1E7ACCD700D19409 /* AppDelegate.swift */ = {isa = PBXFileReference; lastKnownFileType = sourcecode.swift; path = AppDelegate.swift; sourceTree = "<group>"; };
		F9934E2F1E7ACCD700D19409 /* Base */ = {isa = PBXFileReference; lastKnownFileType = file.storyboard; name = Base; path = Base.lproj/Main.storyboard; sourceTree = "<group>"; };
		F9934E311E7ACCD700D19409 /* Assets.xcassets */ = {isa = PBXFileReference; lastKnownFileType = folder.assetcatalog; path = Assets.xcassets; sourceTree = "<group>"; };
		F9934E341E7ACCD700D19409 /* Base */ = {isa = PBXFileReference; lastKnownFileType = file.storyboard; name = Base; path = Base.lproj/LaunchScreen.storyboard; sourceTree = "<group>"; };
		F9934E361E7ACCD700D19409 /* Info.plist */ = {isa = PBXFileReference; lastKnownFileType = text.plist.xml; path = Info.plist; sourceTree = "<group>"; };
		F9934E3E1E7AE38400D19409 /* cloudy1.png */ = {isa = PBXFileReference; lastKnownFileType = image.png; name = cloudy1.png; path = images/cloudy1.png; sourceTree = "<group>"; };
		F9934E401E7AE55100D19409 /* MainViewController.swift */ = {isa = PBXFileReference; fileEncoding = 4; lastKnownFileType = sourcecode.swift; path = MainViewController.swift; sourceTree = "<group>"; };
		F9934E421E7AF62E00D19409 /* ReportFormViewController.swift */ = {isa = PBXFileReference; fileEncoding = 4; lastKnownFileType = sourcecode.swift; path = ReportFormViewController.swift; sourceTree = "<group>"; };
/* End PBXFileReference section */

/* Begin PBXFrameworksBuildPhase section */
		F9934E241E7ACCD700D19409 /* Frameworks */ = {
			isa = PBXFrameworksBuildPhase;
			buildActionMask = 2147483647;
			files = (
			);
			runOnlyForDeploymentPostprocessing = 0;
		};
/* End PBXFrameworksBuildPhase section */

/* Begin PBXGroup section */
		F9934E1E1E7ACCD700D19409 = {
			isa = PBXGroup;
			children = (
				F9934E291E7ACCD700D19409 /* Tempest */,
				F9934E281E7ACCD700D19409 /* Products */,
			);
			sourceTree = "<group>";
		};
		F9934E281E7ACCD700D19409 /* Products */ = {
			isa = PBXGroup;
			children = (
				F9934E271E7ACCD700D19409 /* Tempest.app */,
			);
			name = Products;
			sourceTree = "<group>";
		};
		F9934E291E7ACCD700D19409 /* Tempest */ = {
			isa = PBXGroup;
			children = (
				F9934E3E1E7AE38400D19409 /* cloudy1.png */,
				F9934E2A1E7ACCD700D19409 /* AppDelegate.swift */,
				F9934E2E1E7ACCD700D19409 /* Main.storyboard */,
				F9934E421E7AF62E00D19409 /* ReportFormViewController.swift */,
				F9934E401E7AE55100D19409 /* MainViewController.swift */,
				F9934E311E7ACCD700D19409 /* Assets.xcassets */,
				F9934E331E7ACCD700D19409 /* LaunchScreen.storyboard */,
				F9934E361E7ACCD700D19409 /* Info.plist */,
				8B4D91551E83CB63007A8A65 /* AuthViewController.swift */,
				8B4D91561E83CB63007A8A65 /* AuthViewController.xib */,
			);
			path = Tempest;
			sourceTree = "<group>";
		};
/* End PBXGroup section */

/* Begin PBXNativeTarget section */
		F9934E261E7ACCD700D19409 /* Tempest */ = {
			isa = PBXNativeTarget;
			buildConfigurationList = F9934E391E7ACCD700D19409 /* Build configuration list for PBXNativeTarget "Tempest" */;
			buildPhases = (
				F9934E231E7ACCD700D19409 /* Sources */,
				F9934E241E7ACCD700D19409 /* Frameworks */,
				F9934E251E7ACCD700D19409 /* Resources */,
			);
			buildRules = (
			);
			dependencies = (
			);
			name = Tempest;
			productName = Tempest;
			productReference = F9934E271E7ACCD700D19409 /* Tempest.app */;
			productType = "com.apple.product-type.application";
		};
/* End PBXNativeTarget section */

/* Begin PBXProject section */
		F9934E1F1E7ACCD700D19409 /* Project object */ = {
			isa = PBXProject;
			attributes = {
				LastSwiftUpdateCheck = 0820;
				LastUpgradeCheck = 0820;
				ORGANIZATIONNAME = Julien;
				TargetAttributes = {
					F9934E261E7ACCD700D19409 = {
						CreatedOnToolsVersion = 8.2.1;
						ProvisioningStyle = Automatic;
					};
				};
			};
			buildConfigurationList = F9934E221E7ACCD700D19409 /* Build configuration list for PBXProject "Tempest" */;
			compatibilityVersion = "Xcode 3.2";
			developmentRegion = English;
			hasScannedForEncodings = 0;
			knownRegions = (
				en,
				Base,
			);
			mainGroup = F9934E1E1E7ACCD700D19409;
			productRefGroup = F9934E281E7ACCD700D19409 /* Products */;
			projectDirPath = "";
			projectRoot = "";
			targets = (
				F9934E261E7ACCD700D19409 /* Tempest */,
			);
		};
/* End PBXProject section */

/* Begin PBXResourcesBuildPhase section */
		F9934E251E7ACCD700D19409 /* Resources */ = {
			isa = PBXResourcesBuildPhase;
			buildActionMask = 2147483647;
			files = (
				F9934E351E7ACCD700D19409 /* LaunchScreen.storyboard in Resources */,
				F9934E321E7ACCD700D19409 /* Assets.xcassets in Resources */,
				8B4D91581E83CB63007A8A65 /* AuthViewController.xib in Resources */,
				F9934E301E7ACCD700D19409 /* Main.storyboard in Resources */,
				F9934E3F1E7AE38400D19409 /* cloudy1.png in Resources */,
			);
			runOnlyForDeploymentPostprocessing = 0;
		};
/* End PBXResourcesBuildPhase section */

/* Begin PBXSourcesBuildPhase section */
		F9934E231E7ACCD700D19409 /* Sources */ = {
			isa = PBXSourcesBuildPhase;
			buildActionMask = 2147483647;
			files = (
				8B4D91571E83CB63007A8A65 /* AuthViewController.swift in Sources */,
				F9934E431E7AF62E00D19409 /* ReportFormViewController.swift in Sources */,
				F9934E411E7AE55100D19409 /* MainViewController.swift in Sources */,
				F9934E2B1E7ACCD700D19409 /* AppDelegate.swift in Sources */,
			);
			runOnlyForDeploymentPostprocessing = 0;
		};
/* End PBXSourcesBuildPhase section */

/* Begin PBXVariantGroup section */
		F9934E2E1E7ACCD700D19409 /* Main.storyboard */ = {
			isa = PBXVariantGroup;
			children = (
				F9934E2F1E7ACCD700D19409 /* Base */,
			);
			name = Main.storyboard;
			sourceTree = "<group>";
		};
		F9934E331E7ACCD700D19409 /* LaunchScreen.storyboard */ = {
			isa = PBXVariantGroup;
			children = (
				F9934E341E7ACCD700D19409 /* Base */,
			);
			name = LaunchScreen.storyboard;
			sourceTree = "<group>";
		};
/* End PBXVariantGroup section */

/* Begin XCBuildConfiguration section */
		F9934E371E7ACCD700D19409 /* Debug */ = {
			isa = XCBuildConfiguration;
			buildSettings = {
				ALWAYS_SEARCH_USER_PATHS = NO;
				CLANG_ANALYZER_NONNULL = YES;
				CLANG_CXX_LANGUAGE_STANDARD = "gnu++0x";
				CLANG_CXX_LIBRARY = "libc++";
				CLANG_ENABLE_MODULES = YES;
				CLANG_ENABLE_OBJC_ARC = YES;
				CLANG_WARN_BOOL_CONVERSION = YES;
				CLANG_WARN_CONSTANT_CONVERSION = YES;
				CLANG_WARN_DIRECT_OBJC_ISA_USAGE = YES_ERROR;
				CLANG_WARN_DOCUMENTATION_COMMENTS = YES;
				CLANG_WARN_EMPTY_BODY = YES;
				CLANG_WARN_ENUM_CONVERSION = YES;
				CLANG_WARN_INFINITE_RECURSION = YES;
				CLANG_WARN_INT_CONVERSION = YES;
				CLANG_WARN_OBJC_ROOT_CLASS = YES_ERROR;
				CLANG_WARN_SUSPICIOUS_MOVE = YES;
				CLANG_WARN_UNREACHABLE_CODE = YES;
				CLANG_WARN__DUPLICATE_METHOD_MATCH = YES;
				"CODE_SIGN_IDENTITY[sdk=iphoneos*]" = "iPhone Developer";
				COPY_PHASE_STRIP = NO;
				DEBUG_INFORMATION_FORMAT = dwarf;
				ENABLE_STRICT_OBJC_MSGSEND = YES;
				ENABLE_TESTABILITY = YES;
				GCC_C_LANGUAGE_STANDARD = gnu99;
				GCC_DYNAMIC_NO_PIC = NO;
				GCC_NO_COMMON_BLOCKS = YES;
				GCC_OPTIMIZATION_LEVEL = 0;
				GCC_PREPROCESSOR_DEFINITIONS = (
					"DEBUG=1",
					"$(inherited)",
				);
				GCC_WARN_64_TO_32_BIT_CONVERSION = YES;
				GCC_WARN_ABOUT_RETURN_TYPE = YES_ERROR;
				GCC_WARN_UNDECLARED_SELECTOR = YES;
				GCC_WARN_UNINITIALIZED_AUTOS = YES_AGGRESSIVE;
				GCC_WARN_UNUSED_FUNCTION = YES;
				GCC_WARN_UNUSED_VARIABLE = YES;
				IPHONEOS_DEPLOYMENT_TARGET = 10.2;
				MTL_ENABLE_DEBUG_INFO = YES;
				ONLY_ACTIVE_ARCH = YES;
				SDKROOT = iphoneos;
				SWIFT_ACTIVE_COMPILATION_CONDITIONS = DEBUG;
				SWIFT_OPTIMIZATION_LEVEL = "-Onone";
			};
			name = Debug;
		};
		F9934E381E7ACCD700D19409 /* Release */ = {
			isa = XCBuildConfiguration;
			buildSettings = {
				ALWAYS_SEARCH_USER_PATHS = NO;
				CLANG_ANALYZER_NONNULL = YES;
				CLANG_CXX_LANGUAGE_STANDARD = "gnu++0x";
				CLANG_CXX_LIBRARY = "libc++";
				CLANG_ENABLE_MODULES = YES;
				CLANG_ENABLE_OBJC_ARC = YES;
				CLANG_WARN_BOOL_CONVERSION = YES;
				CLANG_WARN_CONSTANT_CONVERSION = YES;
				CLANG_WARN_DIRECT_OBJC_ISA_USAGE = YES_ERROR;
				CLANG_WARN_DOCUMENTATION_COMMENTS = YES;
				CLANG_WARN_EMPTY_BODY = YES;
				CLANG_WARN_ENUM_CONVERSION = YES;
				CLANG_WARN_INFINITE_RECURSION = YES;
				CLANG_WARN_INT_CONVERSION = YES;
				CLANG_WARN_OBJC_ROOT_CLASS = YES_ERROR;
				CLANG_WARN_SUSPICIOUS_MOVE = YES;
				CLANG_WARN_UNREACHABLE_CODE = YES;
				CLANG_WARN__DUPLICATE_METHOD_MATCH = YES;
				"CODE_SIGN_IDENTITY[sdk=iphoneos*]" = "iPhone Developer";
				COPY_PHASE_STRIP = NO;
				DEBUG_INFORMATION_FORMAT = "dwarf-with-dsym";
				ENABLE_NS_ASSERTIONS = NO;
				ENABLE_STRICT_OBJC_MSGSEND = YES;
				GCC_C_LANGUAGE_STANDARD = gnu99;
				GCC_NO_COMMON_BLOCKS = YES;
				GCC_WARN_64_TO_32_BIT_CONVERSION = YES;
				GCC_WARN_ABOUT_RETURN_TYPE = YES_ERROR;
				GCC_WARN_UNDECLARED_SELECTOR = YES;
				GCC_WARN_UNINITIALIZED_AUTOS = YES_AGGRESSIVE;
				GCC_WARN_UNUSED_FUNCTION = YES;
				GCC_WARN_UNUSED_VARIABLE = YES;
				IPHONEOS_DEPLOYMENT_TARGET = 10.2;
				MTL_ENABLE_DEBUG_INFO = NO;
				SDKROOT = iphoneos;
				SWIFT_OPTIMIZATION_LEVEL = "-Owholemodule";
				VALIDATE_PRODUCT = YES;
			};
			name = Release;
		};
		F9934E3A1E7ACCD700D19409 /* Debug */ = {
			isa = XCBuildConfiguration;
			buildSettings = {
				ASSETCATALOG_COMPILER_APPICON_NAME = AppIcon;
				INFOPLIST_FILE = Tempest/Info.plist;
				IPHONEOS_DEPLOYMENT_TARGET = 10.0;
				LD_RUNPATH_SEARCH_PATHS = "$(inherited) @executable_path/Frameworks";
				PRODUCT_BUNDLE_IDENTIFIER = com.company.Tempest;
				PRODUCT_NAME = "$(TARGET_NAME)";
				SWIFT_VERSION = 3.0;
			};
			name = Debug;
		};
		F9934E3B1E7ACCD700D19409 /* Release */ = {
			isa = XCBuildConfiguration;
			buildSettings = {
				ASSETCATALOG_COMPILER_APPICON_NAME = AppIcon;
				INFOPLIST_FILE = Tempest/Info.plist;
				IPHONEOS_DEPLOYMENT_TARGET = 10.0;
				LD_RUNPATH_SEARCH_PATHS = "$(inherited) @executable_path/Frameworks";
				PRODUCT_BUNDLE_IDENTIFIER = com.company.Tempest;
				PRODUCT_NAME = "$(TARGET_NAME)";
				SWIFT_VERSION = 3.0;
			};
			name = Release;
		};
/* End XCBuildConfiguration section */

/* Begin XCConfigurationList section */
		F9934E221E7ACCD700D19409 /* Build configuration list for PBXProject "Tempest" */ = {
			isa = XCConfigurationList;
			buildConfigurations = (
				F9934E371E7ACCD700D19409 /* Debug */,
				F9934E381E7ACCD700D19409 /* Release */,
			);
			defaultConfigurationIsVisible = 0;
			defaultConfigurationName = Release;
		};
		F9934E391E7ACCD700D19409 /* Build configuration list for PBXNativeTarget "Tempest" */ = {
			isa = XCConfigurationList;
			buildConfigurations = (
				F9934E3A1E7ACCD700D19409 /* Debug */,
				F9934E3B1E7ACCD700D19409 /* Release */,
			);
			defaultConfigurationIsVisible = 0;
			defaultConfigurationName = Release;
		};
/* End XCConfigurationList section */
	};
	rootObject = F9934E1F1E7ACCD700D19409 /* Project object */;
}
